
Microsoft Visual Studio Solution File, Format Version 12.00
# Visual Studio Version 17
VisualStudioVersion = 17.3.32929.385
MinimumVisualStudioVersion = 10.0.40219.1
Project("{FAE04EC0-301F-11D3-BF4B-00C04F79EFBC}") = "EDrawingsWpfHost", "EDrawingsWpfHost\EDrawingsWpfHost.csproj", "{1F8729F6-5AA8-4F3F-999D-5B9FD17C6FB0}"
EndProject
Project("{FAE04EC0-301F-11D3-BF4B-00C04F79EFBC}") = "EDrawingHost", "EDrawingsHost\EDrawingHost.csproj", "{ADC46DFD-FD22-410C-A2EC-1FCF95020907}"
EndProject
Project("{FAE04EC0-301F-11D3-BF4B-00C04F79EFBC}") = "DuEDrawingsWpf", "DuEDrawingsWpf\DuEDrawingsWpf.csproj", "{62537D5E-FA3D-4BB9-8596-F42B492EEB4A}"
EndProject
Global
	GlobalSection(SolutionConfigurationPlatforms) = preSolution
		Debug|Any CPU = Debug|Any CPU
		Debug|x64 = Debug|x64
		Release|Any CPU = Release|Any CPU
		Release|x64 = Release|x64
	EndGlobalSection
	GlobalSection(ProjectConfigurationPlatforms) = postSolution
		{1F8729F6-5AA8-4F3F-999D-5B9FD17C6FB0}.Debug|Any CPU.ActiveCfg = Debug|Any CPU
		{1F8729F6-5AA8-4F3F-999D-5B9FD17C6FB0}.Debug|Any CPU.Build.0 = Debug|Any CPU
		{1F8729F6-5AA8-4F3F-999D-5B9FD17C6FB0}.Debug|x64.ActiveCfg = Debug|Any CPU
		{1F8729F6-5AA8-4F3F-999D-5B9FD17C6FB0}.Debug|x64.Build.0 = Debug|Any CPU
		{1F8729F6-5AA8-4F3F-999D-5B9FD17C6FB0}.Release|Any CPU.ActiveCfg = Release|Any CPU
		{1F8729F6-5AA8-4F3F-999D-5B9FD17C6FB0}.Release|Any CPU.Build.0 = Release|Any CPU
		{1F8729F6-5AA8-4F3F-999D-5B9FD17C6FB0}.Release|x64.ActiveCfg = Release|Any CPU
		{1F8729F6-5AA8-4F3F-999D-5B9FD17C6FB0}.Release|x64.Build.0 = Release|Any CPU
		{ADC46DFD-FD22-410C-A2EC-1FCF95020907}.Debug|Any CPU.ActiveCfg = Debug|Any CPU
		{ADC46DFD-FD22-410C-A2EC-1FCF95020907}.Debug|Any CPU.Build.0 = Debug|Any CPU
		{ADC46DFD-FD22-410C-A2EC-1FCF95020907}.Debug|x64.ActiveCfg = Debug|Any CPU
		{ADC46DFD-FD22-410C-A2EC-1FCF95020907}.Debug|x64.Build.0 = Debug|Any CPU
		{ADC46DFD-FD22-410C-A2EC-1FCF95020907}.Release|Any CPU.ActiveCfg = Release|Any CPU
		{ADC46DFD-FD22-410C-A2EC-1FCF95020907}.Release|Any CPU.Build.0 = Release|Any CPU
		{ADC46DFD-FD22-410C-A2EC-1FCF95020907}.Release|x64.ActiveCfg = Release|Any CPU
		{ADC46DFD-FD22-410C-A2EC-1FCF95020907}.Release|x64.Build.0 = Release|Any CPU
		{62537D5E-FA3D-4BB9-8596-F42B492EEB4A}.Debug|Any CPU.ActiveCfg = Debug|Any CPU
		{62537D5E-FA3D-4BB9-8596-F42B492EEB4A}.Debug|Any CPU.Build.0 = Debug|Any CPU
		{62537D5E-FA3D-4BB9-8596-F42B492EEB4A}.Debug|x64.ActiveCfg = Debug|x64
		{62537D5E-FA3D-4BB9-8596-F42B492EEB4A}.Debug|x64.Build.0 = Debug|x64
		{62537D5E-FA3D-4BB9-8596-F42B492EEB4A}.Release|Any CPU.ActiveCfg = Release|Any CPU
		{62537D5E-FA3D-4BB9-8596-F42B492EEB4A}.Release|Any CPU.Build.0 = Release|Any CPU
		{62537D5E-FA3D-4BB9-8596-F42B492EEB4A}.Release|x64.ActiveCfg = Release|x64
		{62537D5E-FA3D-4BB9-8596-F42B492EEB4A}.Release|x64.Build.0 = Release|x64
	EndGlobalSection
	GlobalSection(SolutionProperties) = preSolution
		HideSolutionNode = FALSE
	EndGlobalSection
	GlobalSection(ExtensibilityGlobals) = postSolution
		SolutionGuid = {E23629FB-912B-41ED-8612-8FA587CC5492}
	EndGlobalSection
EndGlobal
